
Microsoft Visual Studio Solution File, Format Version 12.00
# Visual Studio 15
VisualStudioVersion = 15.0.27703.2047
MinimumVisualStudioVersion = 10.0.40219.1
Project("{FAE04EC0-301F-11D3-BF4B-00C04F79EFBC}") = "Variables", "Variables\Variables.csproj", "{14EBC407-9EB3-41E3-93B3-32FB47EC0ACC}"
EndProject
Global
	GlobalSection(SolutionConfigurationPlatforms) = preSolution
		Debug|Any CPU = Debug|Any CPU
		Release|Any CPU = Release|Any CPU
	EndGlobalSection
	GlobalSection(ProjectConfigurationPlatforms) = postSolution
		{14EBC407-9EB3-41E3-93B3-32FB47EC0ACC}.Debug|Any CPU.ActiveCfg = Debug|Any CPU
		{14EBC407-9EB3-41E3-93B3-32FB47EC0ACC}.Debug|Any CPU.Build.0 = Debug|Any CPU
		{14EBC407-9EB3-41E3-93B3-32FB47EC0ACC}.Release|Any CPU.ActiveCfg = Release|Any CPU
		{14EBC407-9EB3-41E3-93B3-32FB47EC0ACC}.Release|Any CPU.Build.0 = Release|Any CPU
	EndGlobalSection
	GlobalSection(SolutionProperties) = preSolution
		HideSolutionNode = FALSE
	EndGlobalSection
	GlobalSection(ExtensibilityGlobals) = postSolution
		SolutionGuid = {E43AA818-242A-4E94-82ED-3B5623088F7B}
	EndGlobalSection
EndGlobal
